{
  "name": "baseline-browser-mapping",
  "version": "1.0.0",
  "lockfileVersion": 3,
  "requires": true,
  "packages": {
    "": {
      "name": "baseline-browser-mapping",
      "version": "1.0.0",
      "license": "ISC",
      "dependencies": {
        "baseline-browser-mapping": "^2.2.0"
      }
    },
    "node_modules/@mdn/browser-compat-data": {
      "version": "6.0.6",
      "resolved": "https://registry.npmjs.org/@mdn/browser-compat-data/-/browser-compat-data-6.0.6.tgz",
      "integrity": "sha512-awlDnCGbtdkyLieMpIKJQEgK7mxnL3he4UHm5AGn+asofiemlx4LVHM0FsYmp6O1irAClPNS135zZLhD2SZi+A==",
      "license": "CC0-1.0"
    },
    "node_modules/baseline-browser-mapping": {
      "version": "2.2.0",
      "resolved": "https://registry.npmjs.org/baseline-browser-mapping/-/baseline-browser-mapping-2.2.0.tgz",
      "integrity": "sha512-tLVamSyLn6h5kp7aDzBIPiNnx+ighswrdRs9ug3aeBgSXFQG2nFj1EfWvWTD1Y/ra9GDS8znPwMxTEitF6cC/g==",
      "license": "Apache-2.0",
      "dependencies": {
        "@mdn/browser-compat-data": "^6.0.1",
        "web-features": "^2.31.0"
      }
    },
    "node_modules/web-features": {
      "version": "2.34.0",
      "resolved": "https://registry.npmjs.org/web-features/-/web-features-2.34.0.tgz",
      "integrity": "sha512-jv8rxEhmj0UcQ3v5EyH9cNN6ztyNjUZJfImgUdGtxYYYRi3BKWw00LPQ2HQn7Y61kxEbah5G1SQaXz+yskKLUA==",
      "license": "Apache-2.0"
    }
  }
}
